
Microsoft Visual Studio Solution File, Format Version 12.00
# Visual Studio Version 16
VisualStudioVersion = 16.0.30114.105
MinimumVisualStudioVersion = 10.0.40219.1
Project("{F2A71F9B-5D33-465A-A702-920D77279786}") = "AoC2021", "AoC2021\AoC2021.fsproj", "{1D872119-BFBA-4A7F-8FCD-7B838BEEB6D5}"
EndProject
Project("{F2A71F9B-5D33-465A-A702-920D77279786}") = "AoC2021.Console", "AoC2021.Console\AoC2021.Console.fsproj", "{DF409429-2748-4592-9BB1-599134DE3986}"
EndProject
Project("{F2A71F9B-5D33-465A-A702-920D77279786}") = "AoC2021.Tests", "AoC2021.Tests\AoC2021.Tests.fsproj", "{1B2F2B1B-E64A-40CA-9843-595A8DAE7000}"
EndProject
Global
	GlobalSection(SolutionConfigurationPlatforms) = preSolution
		Debug|Any CPU = Debug|Any CPU
		Debug|x64 = Debug|x64
		Debug|x86 = Debug|x86
		Release|Any CPU = Release|Any CPU
		Release|x64 = Release|x64
		Release|x86 = Release|x86
	EndGlobalSection
	GlobalSection(SolutionProperties) = preSolution
		HideSolutionNode = FALSE
	EndGlobalSection
	GlobalSection(ProjectConfigurationPlatforms) = postSolution
		{1D872119-BFBA-4A7F-8FCD-7B838BEEB6D5}.Debug|Any CPU.ActiveCfg = Debug|Any CPU
		{1D872119-BFBA-4A7F-8FCD-7B838BEEB6D5}.Debug|Any CPU.Build.0 = Debug|Any CPU
		{1D872119-BFBA-4A7F-8FCD-7B838BEEB6D5}.Debug|x64.ActiveCfg = Debug|Any CPU
		{1D872119-BFBA-4A7F-8FCD-7B838BEEB6D5}.Debug|x64.Build.0 = Debug|Any CPU
		{1D872119-BFBA-4A7F-8FCD-7B838BEEB6D5}.Debug|x86.ActiveCfg = Debug|Any CPU
		{1D872119-BFBA-4A7F-8FCD-7B838BEEB6D5}.Debug|x86.Build.0 = Debug|Any CPU
		{1D872119-BFBA-4A7F-8FCD-7B838BEEB6D5}.Release|Any CPU.ActiveCfg = Release|Any CPU
		{1D872119-BFBA-4A7F-8FCD-7B838BEEB6D5}.Release|Any CPU.Build.0 = Release|Any CPU
		{1D872119-BFBA-4A7F-8FCD-7B838BEEB6D5}.Release|x64.ActiveCfg = Release|Any CPU
		{1D872119-BFBA-4A7F-8FCD-7B838BEEB6D5}.Release|x64.Build.0 = Release|Any CPU
		{1D872119-BFBA-4A7F-8FCD-7B838BEEB6D5}.Release|x86.ActiveCfg = Release|Any CPU
		{1D872119-BFBA-4A7F-8FCD-7B838BEEB6D5}.Release|x86.Build.0 = Release|Any CPU
		{DF409429-2748-4592-9BB1-599134DE3986}.Debug|Any CPU.ActiveCfg = Debug|Any CPU
		{DF409429-2748-4592-9BB1-599134DE3986}.Debug|Any CPU.Build.0 = Debug|Any CPU
		{DF409429-2748-4592-9BB1-599134DE3986}.Debug|x64.ActiveCfg = Debug|Any CPU
		{DF409429-2748-4592-9BB1-599134DE3986}.Debug|x64.Build.0 = Debug|Any CPU
		{DF409429-2748-4592-9BB1-599134DE3986}.Debug|x86.ActiveCfg = Debug|Any CPU
		{DF409429-2748-4592-9BB1-599134DE3986}.Debug|x86.Build.0 = Debug|Any CPU
		{DF409429-2748-4592-9BB1-599134DE3986}.Release|Any CPU.ActiveCfg = Release|Any CPU
		{DF409429-2748-4592-9BB1-599134DE3986}.Release|Any CPU.Build.0 = Release|Any CPU
		{DF409429-2748-4592-9BB1-599134DE3986}.Release|x64.ActiveCfg = Release|Any CPU
		{DF409429-2748-4592-9BB1-599134DE3986}.Release|x64.Build.0 = Release|Any CPU
		{DF409429-2748-4592-9BB1-599134DE3986}.Release|x86.ActiveCfg = Release|Any CPU
		{DF409429-2748-4592-9BB1-599134DE3986}.Release|x86.Build.0 = Release|Any CPU
		{1B2F2B1B-E64A-40CA-9843-595A8DAE7000}.Debug|Any CPU.ActiveCfg = Debug|Any CPU
		{1B2F2B1B-E64A-40CA-9843-595A8DAE7000}.Debug|Any CPU.Build.0 = Debug|Any CPU
		{1B2F2B1B-E64A-40CA-9843-595A8DAE7000}.Debug|x64.ActiveCfg = Debug|Any CPU
		{1B2F2B1B-E64A-40CA-9843-595A8DAE7000}.Debug|x64.Build.0 = Debug|Any CPU
		{1B2F2B1B-E64A-40CA-9843-595A8DAE7000}.Debug|x86.ActiveCfg = Debug|Any CPU
		{1B2F2B1B-E64A-40CA-9843-595A8DAE7000}.Debug|x86.Build.0 = Debug|Any CPU
		{1B2F2B1B-E64A-40CA-9843-595A8DAE7000}.Release|Any CPU.ActiveCfg = Release|Any CPU
		{1B2F2B1B-E64A-40CA-9843-595A8DAE7000}.Release|Any CPU.Build.0 = Release|Any CPU
		{1B2F2B1B-E64A-40CA-9843-595A8DAE7000}.Release|x64.ActiveCfg = Release|Any CPU
		{1B2F2B1B-E64A-40CA-9843-595A8DAE7000}.Release|x64.Build.0 = Release|Any CPU
		{1B2F2B1B-E64A-40CA-9843-595A8DAE7000}.Release|x86.ActiveCfg = Release|Any CPU
		{1B2F2B1B-E64A-40CA-9843-595A8DAE7000}.Release|x86.Build.0 = Release|Any CPU
	EndGlobalSection
EndGlobal
